// !$*UTF8*$!
{
	archiveVersion = 1;
	classes = {
	};
	objectVersion = 48;
	objects = {

/* Begin PBXBuildFile section */
		3F2FEB7B19FF5193971BEBED /* Pods_SimpleClockUITests.framework in Frameworks */ = {isa = PBXBuildFile; fileRef = 7344D88410AEE148C8A9D865 /* Pods_SimpleClockUITests.framework */; };
		4C1ABD2FA738437F8E27280E /* Pods_SimpleClock.framework in Frameworks */ = {isa = PBXBuildFile; fileRef = 4DE4FFAFF81668ADEE8C38BE /* Pods_SimpleClock.framework */; };
		B8676A4C0519EC4070D9B4FC /* Pods_SimpleClockTests.framework in Frameworks */ = {isa = PBXBuildFile; fileRef = 757D9670033CD287B610FB5F /* Pods_SimpleClockTests.framework */; };
		C3A89525201DB7BA0066C387 /* FontAwesome.otf in Resources */ = {isa = PBXBuildFile; fileRef = C3A89524201DB7B90066C387 /* FontAwesome.otf */; };
		C3AD8D5B2014CF640026C1B7 /* AppDelegate.swift in Sources */ = {isa = PBXBuildFile; fileRef = C3AD8D5A2014CF640026C1B7 /* AppDelegate.swift */; };
		C3AD8D5D2014CF640026C1B7 /* ClockViewController.swift in Sources */ = {isa = PBXBuildFile; fileRef = C3AD8D5C2014CF640026C1B7 /* ClockViewController.swift */; };
		C3AD8D602014CF640026C1B7 /* Main.storyboard in Resources */ = {isa = PBXBuildFile; fileRef = C3AD8D5E2014CF640026C1B7 /* Main.storyboard */; };
		C3AD8D622014CF640026C1B7 /* Assets.xcassets in Resources */ = {isa = PBXBuildFile; fileRef = C3AD8D612014CF640026C1B7 /* Assets.xcassets */; };
		C3AD8D652014CF640026C1B7 /* LaunchScreen.storyboard in Resources */ = {isa = PBXBuildFile; fileRef = C3AD8D632014CF640026C1B7 /* LaunchScreen.storyboard */; };
		C3AD8D702014CF640026C1B7 /* SimpleClockTests.swift in Sources */ = {isa = PBXBuildFile; fileRef = C3AD8D6F2014CF640026C1B7 /* SimpleClockTests.swift */; };
		C3AD8D7B2014CF640026C1B7 /* SimpleClockUITests.swift in Sources */ = {isa = PBXBuildFile; fileRef = C3AD8D7A2014CF640026C1B7 /* SimpleClockUITests.swift */; };
		C3AD8D8A201A2BF40026C1B7 /* TomaSlab-ExtraLight.ttf in Resources */ = {isa = PBXBuildFile; fileRef = C3AD8D89201A2BF40026C1B7 /* TomaSlab-ExtraLight.ttf */; };
		C3AD8D8C201A2BFF0026C1B7 /* Qarmic_sans_Abridged.ttf in Resources */ = {isa = PBXBuildFile; fileRef = C3AD8D8B201A2BFF0026C1B7 /* Qarmic_sans_Abridged.ttf */; };
		C3AD8D8E201A2C080026C1B7 /* Molot.otf in Resources */ = {isa = PBXBuildFile; fileRef = C3AD8D8D201A2C080026C1B7 /* Molot.otf */; };
		C3AD8D91201DA8FC0026C1B7 /* SettingViewController.swift in Sources */ = {isa = PBXBuildFile; fileRef = C3AD8D90201DA8FC0026C1B7 /* SettingViewController.swift */; };
/* End PBXBuildFile section */

/* Begin PBXContainerItemProxy section */
		C3AD8D6C2014CF640026C1B7 /* PBXContainerItemProxy */ = {
			isa = PBXContainerItemProxy;
			containerPortal = C3AD8D4F2014CF640026C1B7 /* Project object */;
			proxyType = 1;
			remoteGlobalIDString = C3AD8D562014CF640026C1B7;
			remoteInfo = SimpleClock;
		};
		C3AD8D772014CF640026C1B7 /* PBXContainerItemProxy */ = {
			isa = PBXContainerItemProxy;
			containerPortal = C3AD8D4F2014CF640026C1B7 /* Project object */;
			proxyType = 1;
			remoteGlobalIDString = C3AD8D562014CF640026C1B7;
			remoteInfo = SimpleClock;
		};
/* End PBXContainerItemProxy section */

/* Begin PBXFileReference section */
		34AB4F36EAED47AE67448F69 /* Pods-SimpleClock.release.xcconfig */ = {isa = PBXFileReference; includeInIndex = 1; lastKnownFileType = text.xcconfig; name = "Pods-SimpleClock.release.xcconfig"; path = "Pods/Target Support Files/Pods-SimpleClock/Pods-SimpleClock.release.xcconfig"; sourceTree = "<group>"; };
		4DE4FFAFF81668ADEE8C38BE /* Pods_SimpleClock.framework */ = {isa = PBXFileReference; explicitFileType = wrapper.framework; includeInIndex = 0; path = Pods_SimpleClock.framework; sourceTree = BUILT_PRODUCTS_DIR; };
		705F126081C673A357A67556 /* Pods-SimpleClockTests.debug.xcconfig */ = {isa = PBXFileReference; includeInIndex = 1; lastKnownFileType = text.xcconfig; name = "Pods-SimpleClockTests.debug.xcconfig"; path = "Pods/Target Support Files/Pods-SimpleClockTests/Pods-SimpleClockTests.debug.xcconfig"; sourceTree = "<group>"; };
		7344D88410AEE148C8A9D865 /* Pods_SimpleClockUITests.framework */ = {isa = PBXFileReference; explicitFileType = wrapper.framework; includeInIndex = 0; path = Pods_SimpleClockUITests.framework; sourceTree = BUILT_PRODUCTS_DIR; };
		757D9670033CD287B610FB5F /* Pods_SimpleClockTests.framework */ = {isa = PBXFileReference; explicitFileType = wrapper.framework; includeInIndex = 0; path = Pods_SimpleClockTests.framework; sourceTree = BUILT_PRODUCTS_DIR; };
		C3919C5E11E95A98803DF763 /* Pods-SimpleClock.debug.xcconfig */ = {isa = PBXFileReference; includeInIndex = 1; lastKnownFileType = text.xcconfig; name = "Pods-SimpleClock.debug.xcconfig"; path = "Pods/Target Support Files/Pods-SimpleClock/Pods-SimpleClock.debug.xcconfig"; sourceTree = "<group>"; };
		C3A89524201DB7B90066C387 /* FontAwesome.otf */ = {isa = PBXFileReference; lastKnownFileType = file; path = FontAwesome.otf; sourceTree = "<group>"; };
		C3AD8D572014CF640026C1B7 /* SimpleClock.app */ = {isa = PBXFileReference; explicitFileType = wrapper.application; includeInIndex = 0; path = SimpleClock.app; sourceTree = BUILT_PRODUCTS_DIR; };
		C3AD8D5A2014CF640026C1B7 /* AppDelegate.swift */ = {isa = PBXFileReference; lastKnownFileType = sourcecode.swift; path = AppDelegate.swift; sourceTree = "<group>"; };
		C3AD8D5C2014CF640026C1B7 /* ClockViewController.swift */ = {isa = PBXFileReference; lastKnownFileType = sourcecode.swift; path = ClockViewController.swift; sourceTree = "<group>"; };
		C3AD8D5F2014CF640026C1B7 /* Base */ = {isa = PBXFileReference; lastKnownFileType = file.storyboard; name = Base; path = Base.lproj/Main.storyboard; sourceTree = "<group>"; };
		C3AD8D612014CF640026C1B7 /* Assets.xcassets */ = {isa = PBXFileReference; lastKnownFileType = folder.assetcatalog; path = Assets.xcassets; sourceTree = "<group>"; };
		C3AD8D642014CF640026C1B7 /* Base */ = {isa = PBXFileReference; lastKnownFileType = file.storyboard; name = Base; path = Base.lproj/LaunchScreen.storyboard; sourceTree = "<group>"; };
		C3AD8D662014CF640026C1B7 /* Info.plist */ = {isa = PBXFileReference; lastKnownFileType = text.plist.xml; path = Info.plist; sourceTree = "<group>"; };
		C3AD8D6B2014CF640026C1B7 /* SimpleClockTests.xctest */ = {isa = PBXFileReference; explicitFileType = wrapper.cfbundle; includeInIndex = 0; path = SimpleClockTests.xctest; sourceTree = BUILT_PRODUCTS_DIR; };
		C3AD8D6F2014CF640026C1B7 /* SimpleClockTests.swift */ = {isa = PBXFileReference; lastKnownFileType = sourcecode.swift; path = SimpleClockTests.swift; sourceTree = "<group>"; };
		C3AD8D712014CF640026C1B7 /* Info.plist */ = {isa = PBXFileReference; lastKnownFileType = text.plist.xml; path = Info.plist; sourceTree = "<group>"; };
		C3AD8D762014CF640026C1B7 /* SimpleClockUITests.xctest */ = {isa = PBXFileReference; explicitFileType = wrapper.cfbundle; includeInIndex = 0; path = SimpleClockUITests.xctest; sourceTree = BUILT_PRODUCTS_DIR; };
		C3AD8D7A2014CF640026C1B7 /* SimpleClockUITests.swift */ = {isa = PBXFileReference; lastKnownFileType = sourcecode.swift; path = SimpleClockUITests.swift; sourceTree = "<group>"; };
		C3AD8D7C2014CF640026C1B7 /* Info.plist */ = {isa = PBXFileReference; lastKnownFileType = text.plist.xml; path = Info.plist; sourceTree = "<group>"; };
		C3AD8D89201A2BF40026C1B7 /* TomaSlab-ExtraLight.ttf */ = {isa = PBXFileReference; lastKnownFileType = file; path = "TomaSlab-ExtraLight.ttf"; sourceTree = "<group>"; };
		C3AD8D8B201A2BFF0026C1B7 /* Qarmic_sans_Abridged.ttf */ = {isa = PBXFileReference; lastKnownFileType = file; path = Qarmic_sans_Abridged.ttf; sourceTree = "<group>"; };
		C3AD8D8D201A2C080026C1B7 /* Molot.otf */ = {isa = PBXFileReference; lastKnownFileType = file; path = Molot.otf; sourceTree = "<group>"; };
		C3AD8D90201DA8FC0026C1B7 /* SettingViewController.swift */ = {isa = PBXFileReference; lastKnownFileType = sourcecode.swift; path = SettingViewController.swift; sourceTree = "<group>"; };
		CE4A3FC0923AE160482E1A12 /* Pods-SimpleClockUITests.debug.xcconfig */ = {isa = PBXFileReference; includeInIndex = 1; lastKnownFileType = text.xcconfig; name = "Pods-SimpleClockUITests.debug.xcconfig"; path = "Pods/Target Support Files/Pods-SimpleClockUITests/Pods-SimpleClockUITests.debug.xcconfig"; sourceTree = "<group>"; };
		D110AB8B73184F9AAC61FE83 /* Pods-SimpleClockTests.release.xcconfig */ = {isa = PBXFileReference; includeInIndex = 1; lastKnownFileType = text.xcconfig; name = "Pods-SimpleClockTests.release.xcconfig"; path = "Pods/Target Support Files/Pods-SimpleClockTests/Pods-SimpleClockTests.release.xcconfig"; sourceTree = "<group>"; };
		E3E9CB47B4C752C1AD73A7DB /* Pods-SimpleClockUITests.release.xcconfig */ = {isa = PBXFileReference; includeInIndex = 1; lastKnownFileType = text.xcconfig; name = "Pods-SimpleClockUITests.release.xcconfig"; path = "Pods/Target Support Files/Pods-SimpleClockUITests/Pods-SimpleClockUITests.release.xcconfig"; sourceTree = "<group>"; };
/* End PBXFileReference section */

/* Begin PBXFrameworksBuildPhase section */
		C3AD8D542014CF640026C1B7 /* Frameworks */ = {
			isa = PBXFrameworksBuildPhase;
			buildActionMask = 2147483647;
			files = (
				4C1ABD2FA738437F8E27280E /* Pods_SimpleClock.framework in Frameworks */,
			);
			runOnlyForDeploymentPostprocessing = 0;
		};
		C3AD8D682014CF640026C1B7 /* Frameworks */ = {
			isa = PBXFrameworksBuildPhase;
			buildActionMask = 2147483647;
			files = (
				B8676A4C0519EC4070D9B4FC /* Pods_SimpleClockTests.framework in Frameworks */,
			);
			runOnlyForDeploymentPostprocessing = 0;
		};
		C3AD8D732014CF640026C1B7 /* Frameworks */ = {
			isa = PBXFrameworksBuildPhase;
			buildActionMask = 2147483647;
			files = (
				3F2FEB7B19FF5193971BEBED /* Pods_SimpleClockUITests.framework in Frameworks */,
			);
			runOnlyForDeploymentPostprocessing = 0;
		};
/* End PBXFrameworksBuildPhase section */

/* Begin PBXGroup section */
		5CF80245575BA0E074154149 /* Pods */ = {
			isa = PBXGroup;
			children = (
				C3919C5E11E95A98803DF763 /* Pods-SimpleClock.debug.xcconfig */,
				34AB4F36EAED47AE67448F69 /* Pods-SimpleClock.release.xcconfig */,
				705F126081C673A357A67556 /* Pods-SimpleClockTests.debug.xcconfig */,
				D110AB8B73184F9AAC61FE83 /* Pods-SimpleClockTests.release.xcconfig */,
				CE4A3FC0923AE160482E1A12 /* Pods-SimpleClockUITests.debug.xcconfig */,
				E3E9CB47B4C752C1AD73A7DB /* Pods-SimpleClockUITests.release.xcconfig */,
			);
			name = Pods;
			sourceTree = "<group>";
		};
		AE378EAD880C9265F76CB7AC /* Frameworks */ = {
			isa = PBXGroup;
			children = (
				4DE4FFAFF81668ADEE8C38BE /* Pods_SimpleClock.framework */,
				757D9670033CD287B610FB5F /* Pods_SimpleClockTests.framework */,
				7344D88410AEE148C8A9D865 /* Pods_SimpleClockUITests.framework */,
			);
			name = Frameworks;
			sourceTree = "<group>";
		};
		C3AD8D4E2014CF640026C1B7 = {
			isa = PBXGroup;
			children = (
				C3AD8D592014CF640026C1B7 /* SimpleClock */,
				C3AD8D6E2014CF640026C1B7 /* SimpleClockTests */,
				C3AD8D792014CF640026C1B7 /* SimpleClockUITests */,
				C3AD8D582014CF640026C1B7 /* Products */,
				5CF80245575BA0E074154149 /* Pods */,
				AE378EAD880C9265F76CB7AC /* Frameworks */,
			);
			sourceTree = "<group>";
		};
		C3AD8D582014CF640026C1B7 /* Products */ = {
			isa = PBXGroup;
			children = (
				C3AD8D572014CF640026C1B7 /* SimpleClock.app */,
				C3AD8D6B2014CF640026C1B7 /* SimpleClockTests.xctest */,
				C3AD8D762014CF640026C1B7 /* SimpleClockUITests.xctest */,
			);
			name = Products;
			sourceTree = "<group>";
		};
		C3AD8D592014CF640026C1B7 /* SimpleClock */ = {
			isa = PBXGroup;
			children = (
				C3AD8D88201A2BE50026C1B7 /* font */,
				C3AD8D5A2014CF640026C1B7 /* AppDelegate.swift */,
				C3AD8D5C2014CF640026C1B7 /* ClockViewController.swift */,
				C3AD8D90201DA8FC0026C1B7 /* SettingViewController.swift */,
				C3AD8D5E2014CF640026C1B7 /* Main.storyboard */,
				C3AD8D612014CF640026C1B7 /* Assets.xcassets */,
				C3AD8D632014CF640026C1B7 /* LaunchScreen.storyboard */,
				C3AD8D662014CF640026C1B7 /* Info.plist */,
			);
			path = SimpleClock;
			sourceTree = "<group>";
		};
		C3AD8D6E2014CF640026C1B7 /* SimpleClockTests */ = {
			isa = PBXGroup;
			children = (
				C3AD8D6F2014CF640026C1B7 /* SimpleClockTests.swift */,
				C3AD8D712014CF640026C1B7 /* Info.plist */,
			);
			path = SimpleClockTests;
			sourceTree = "<group>";
		};
		C3AD8D792014CF640026C1B7 /* SimpleClockUITests */ = {
			isa = PBXGroup;
			children = (
				C3AD8D7A2014CF640026C1B7 /* SimpleClockUITests.swift */,
				C3AD8D7C2014CF640026C1B7 /* Info.plist */,
			);
			path = SimpleClockUITests;
			sourceTree = "<group>";
		};
		C3AD8D88201A2BE50026C1B7 /* font */ = {
			isa = PBXGroup;
			children = (
				C3A89524201DB7B90066C387 /* FontAwesome.otf */,
				C3AD8D8D201A2C080026C1B7 /* Molot.otf */,
				C3AD8D8B201A2BFF0026C1B7 /* Qarmic_sans_Abridged.ttf */,
				C3AD8D89201A2BF40026C1B7 /* TomaSlab-ExtraLight.ttf */,
			);
			path = font;
			sourceTree = "<group>";
		};
/* End PBXGroup section */

/* Begin PBXNativeTarget section */
		C3AD8D562014CF640026C1B7 /* SimpleClock */ = {
			isa = PBXNativeTarget;
			buildConfigurationList = C3AD8D7F2014CF640026C1B7 /* Build configuration list for PBXNativeTarget "SimpleClock" */;
			buildPhases = (
				5BED608B3F2F11890047391F /* [CP] Check Pods Manifest.lock */,
				C3AD8D532014CF640026C1B7 /* Sources */,
				C3AD8D542014CF640026C1B7 /* Frameworks */,
				C3AD8D552014CF640026C1B7 /* Resources */,
				C3AD8D8F201CCA470026C1B7 /* ShellScript */,
				48A790FF2DD4B8F5C0A4D887 /* [CP] Embed Pods Frameworks */,
				42B763E26EF2279618F9EA71 /* [CP] Copy Pods Resources */,
			);
			buildRules = (
			);
			dependencies = (
			);
			name = SimpleClock;
			productName = SimpleClock;
			productReference = C3AD8D572014CF640026C1B7 /* SimpleClock.app */;
			productType = "com.apple.product-type.application";
		};
		C3AD8D6A2014CF640026C1B7 /* SimpleClockTests */ = {
			isa = PBXNativeTarget;
			buildConfigurationList = C3AD8D822014CF640026C1B7 /* Build configuration list for PBXNativeTarget "SimpleClockTests" */;
			buildPhases = (
				6B4E85E4F248869C8F0F21AC /* [CP] Check Pods Manifest.lock */,
				C3AD8D672014CF640026C1B7 /* Sources */,
				C3AD8D682014CF640026C1B7 /* Frameworks */,
				C3AD8D692014CF640026C1B7 /* Resources */,
				ABA197E2A12B955DBF73DAEA /* [CP] Embed Pods Frameworks */,
				DB9F29CA45285F204BFAB6C7 /* [CP] Copy Pods Resources */,
			);
			buildRules = (
			);
			dependencies = (
				C3AD8D6D2014CF640026C1B7 /* PBXTargetDependency */,
			);
			name = SimpleClockTests;
			productName = SimpleClockTests;
			productReference = C3AD8D6B2014CF640026C1B7 /* SimpleClockTests.xctest */;
			productType = "com.apple.product-type.bundle.unit-test";
		};
		C3AD8D752014CF640026C1B7 /* SimpleClockUITests */ = {
			isa = PBXNativeTarget;
			buildConfigurationList = C3AD8D852014CF640026C1B7 /* Build configuration list for PBXNativeTarget "SimpleClockUITests" */;
			buildPhases = (
				E362E767FB8A3C7E08367518 /* [CP] Check Pods Manifest.lock */,
				C3AD8D722014CF640026C1B7 /* Sources */,
				C3AD8D732014CF640026C1B7 /* Frameworks */,
				C3AD8D742014CF640026C1B7 /* Resources */,
				F2D60B6C4A9D286C38455CDB /* [CP] Embed Pods Frameworks */,
				7F56EE517D1D8474EBC28BAF /* [CP] Copy Pods Resources */,
			);
			buildRules = (
			);
			dependencies = (
				C3AD8D782014CF640026C1B7 /* PBXTargetDependency */,
			);
			name = SimpleClockUITests;
			productName = SimpleClockUITests;
			productReference = C3AD8D762014CF640026C1B7 /* SimpleClockUITests.xctest */;
			productType = "com.apple.product-type.bundle.ui-testing";
		};
/* End PBXNativeTarget section */

/* Begin PBXProject section */
		C3AD8D4F2014CF640026C1B7 /* Project object */ = {
			isa = PBXProject;
			attributes = {
				LastSwiftUpdateCheck = 0920;
				LastUpgradeCheck = 0920;
				ORGANIZATIONNAME = misato.imaji;
				TargetAttributes = {
					C3AD8D562014CF640026C1B7 = {
						CreatedOnToolsVersion = 9.2;
						LastSwiftMigration = 0920;
						ProvisioningStyle = Automatic;
					};
					C3AD8D6A2014CF640026C1B7 = {
						CreatedOnToolsVersion = 9.2;
						ProvisioningStyle = Automatic;
						TestTargetID = C3AD8D562014CF640026C1B7;
					};
					C3AD8D752014CF640026C1B7 = {
						CreatedOnToolsVersion = 9.2;
						ProvisioningStyle = Automatic;
						TestTargetID = C3AD8D562014CF640026C1B7;
					};
				};
			};
			buildConfigurationList = C3AD8D522014CF640026C1B7 /* Build configuration list for PBXProject "SimpleClock" */;
			compatibilityVersion = "Xcode 8.0";
			developmentRegion = en;
			hasScannedForEncodings = 0;
			knownRegions = (
				en,
				Base,
			);
			mainGroup = C3AD8D4E2014CF640026C1B7;
			productRefGroup = C3AD8D582014CF640026C1B7 /* Products */;
			projectDirPath = "";
			projectRoot = "";
			targets = (
				C3AD8D562014CF640026C1B7 /* SimpleClock */,
				C3AD8D6A2014CF640026C1B7 /* SimpleClockTests */,
				C3AD8D752014CF640026C1B7 /* SimpleClockUITests */,
			);
		};
/* End PBXProject section */

/* Begin PBXResourcesBuildPhase section */
		C3AD8D552014CF640026C1B7 /* Resources */ = {
			isa = PBXResourcesBuildPhase;
			buildActionMask = 2147483647;
			files = (
				C3A89525201DB7BA0066C387 /* FontAwesome.otf in Resources */,
				C3AD8D652014CF640026C1B7 /* LaunchScreen.storyboard in Resources */,
				C3AD8D622014CF640026C1B7 /* Assets.xcassets in Resources */,
				C3AD8D8C201A2BFF0026C1B7 /* Qarmic_sans_Abridged.ttf in Resources */,
				C3AD8D8E201A2C080026C1B7 /* Molot.otf in Resources */,
				C3AD8D602014CF640026C1B7 /* Main.storyboard in Resources */,
				C3AD8D8A201A2BF40026C1B7 /* TomaSlab-ExtraLight.ttf in Resources */,
			);
			runOnlyForDeploymentPostprocessing = 0;
		};
		C3AD8D692014CF640026C1B7 /* Resources */ = {
			isa = PBXResourcesBuildPhase;
			buildActionMask = 2147483647;
			files = (
			);
			runOnlyForDeploymentPostprocessing = 0;
		};
		C3AD8D742014CF640026C1B7 /* Resources */ = {
			isa = PBXResourcesBuildPhase;
			buildActionMask = 2147483647;
			files = (
			);
			runOnlyForDeploymentPostprocessing = 0;
		};
/* End PBXResourcesBuildPhase section */

/* Begin PBXShellScriptBuildPhase section */
		42B763E26EF2279618F9EA71 /* [CP] Copy Pods Resources */ = {
			isa = PBXShellScriptBuildPhase;
			buildActionMask = 2147483647;
			files = (
			);
			inputPaths = (
			);
			name = "[CP] Copy Pods Resources";
			outputPaths = (
			);
			runOnlyForDeploymentPostprocessing = 0;
			shellPath = /bin/sh;
			shellScript = "\"${SRCROOT}/Pods/Target Support Files/Pods-SimpleClock/Pods-SimpleClock-resources.sh\"\n";
			showEnvVarsInLog = 0;
		};
		48A790FF2DD4B8F5C0A4D887 /* [CP] Embed Pods Frameworks */ = {
			isa = PBXShellScriptBuildPhase;
			buildActionMask = 2147483647;
			files = (
			);
			inputPaths = (
			);
			name = "[CP] Embed Pods Frameworks";
			outputPaths = (
			);
			runOnlyForDeploymentPostprocessing = 0;
			shellPath = /bin/sh;
			shellScript = "\"${SRCROOT}/Pods/Target Support Files/Pods-SimpleClock/Pods-SimpleClock-frameworks.sh\"\n";
			showEnvVarsInLog = 0;
		};
		5BED608B3F2F11890047391F /* [CP] Check Pods Manifest.lock */ = {
			isa = PBXShellScriptBuildPhase;
			buildActionMask = 2147483647;
			files = (
			);
			inputPaths = (
			);
			name = "[CP] Check Pods Manifest.lock";
			outputPaths = (
			);
			runOnlyForDeploymentPostprocessing = 0;
			shellPath = /bin/sh;
			shellScript = "diff \"${PODS_PODFILE_DIR_PATH}/Podfile.lock\" \"${PODS_ROOT}/Manifest.lock\" > /dev/null\nif [ $? != 0 ] ; then\n    # print error to STDERR\n    echo \"error: The sandbox is not in sync with the Podfile.lock. Run 'pod install' or update your CocoaPods installation.\" >&2\n    exit 1\nfi\n";
			showEnvVarsInLog = 0;
		};
		6B4E85E4F248869C8F0F21AC /* [CP] Check Pods Manifest.lock */ = {
			isa = PBXShellScriptBuildPhase;
			buildActionMask = 2147483647;
			files = (
			);
			inputPaths = (
			);
			name = "[CP] Check Pods Manifest.lock";
			outputPaths = (
			);
			runOnlyForDeploymentPostprocessing = 0;
			shellPath = /bin/sh;
			shellScript = "diff \"${PODS_PODFILE_DIR_PATH}/Podfile.lock\" \"${PODS_ROOT}/Manifest.lock\" > /dev/null\nif [ $? != 0 ] ; then\n    # print error to STDERR\n    echo \"error: The sandbox is not in sync with the Podfile.lock. Run 'pod install' or update your CocoaPods installation.\" >&2\n    exit 1\nfi\n";
			showEnvVarsInLog = 0;
		};
		7F56EE517D1D8474EBC28BAF /* [CP] Copy Pods Resources */ = {
			isa = PBXShellScriptBuildPhase;
			buildActionMask = 2147483647;
			files = (
			);
			inputPaths = (
			);
			name = "[CP] Copy Pods Resources";
			outputPaths = (
			);
			runOnlyForDeploymentPostprocessing = 0;
			shellPath = /bin/sh;
			shellScript = "\"${SRCROOT}/Pods/Target Support Files/Pods-SimpleClockUITests/Pods-SimpleClockUITests-resources.sh\"\n";
			showEnvVarsInLog = 0;
		};
		ABA197E2A12B955DBF73DAEA /* [CP] Embed Pods Frameworks */ = {
			isa = PBXShellScriptBuildPhase;
			buildActionMask = 2147483647;
			files = (
			);
			inputPaths = (
			);
			name = "[CP] Embed Pods Frameworks";
			outputPaths = (
			);
			runOnlyForDeploymentPostprocessing = 0;
			shellPath = /bin/sh;
			shellScript = "\"${SRCROOT}/Pods/Target Support Files/Pods-SimpleClockTests/Pods-SimpleClockTests-frameworks.sh\"\n";
			showEnvVarsInLog = 0;
		};
		C3AD8D8F201CCA470026C1B7 /* ShellScript */ = {
			isa = PBXShellScriptBuildPhase;
			buildActionMask = 2147483647;
			files = (
			);
			inputPaths = (
			);
			outputPaths = (
			);
			runOnlyForDeploymentPostprocessing = 0;
			shellPath = /bin/sh;
			shellScript = "if which swiftlint >/dev/null; then\nswiftlint\nelse\necho \"SwiftLint does not exist, download from https://github.com/realm/SwiftLint\"\nfi";
		};
		DB9F29CA45285F204BFAB6C7 /* [CP] Copy Pods Resources */ = {
			isa = PBXShellScriptBuildPhase;
			buildActionMask = 2147483647;
			files = (
			);
			inputPaths = (
			);
			name = "[CP] Copy Pods Resources";
			outputPaths = (
			);
			runOnlyForDeploymentPostprocessing = 0;
			shellPath = /bin/sh;
			shellScript = "\"${SRCROOT}/Pods/Target Support Files/Pods-SimpleClockTests/Pods-SimpleClockTests-resources.sh\"\n";
			showEnvVarsInLog = 0;
		};
		E362E767FB8A3C7E08367518 /* [CP] Check Pods Manifest.lock */ = {
			isa = PBXShellScriptBuildPhase;
			buildActionMask = 2147483647;
			files = (
			);
			inputPaths = (
			);
			name = "[CP] Check Pods Manifest.lock";
			outputPaths = (
			);
			runOnlyForDeploymentPostprocessing = 0;
			shellPath = /bin/sh;
			shellScript = "diff \"${PODS_PODFILE_DIR_PATH}/Podfile.lock\" \"${PODS_ROOT}/Manifest.lock\" > /dev/null\nif [ $? != 0 ] ; then\n    # print error to STDERR\n    echo \"error: The sandbox is not in sync with the Podfile.lock. Run 'pod install' or update your CocoaPods installation.\" >&2\n    exit 1\nfi\n";
			showEnvVarsInLog = 0;
		};
		F2D60B6C4A9D286C38455CDB /* [CP] Embed Pods Frameworks */ = {
			isa = PBXShellScriptBuildPhase;
			buildActionMask = 2147483647;
			files = (
			);
			inputPaths = (
			);
			name = "[CP] Embed Pods Frameworks";
			outputPaths = (
			);
			runOnlyForDeploymentPostprocessing = 0;
			shellPath = /bin/sh;
			shellScript = "\"${SRCROOT}/Pods/Target Support Files/Pods-SimpleClockUITests/Pods-SimpleClockUITests-frameworks.sh\"\n";
			showEnvVarsInLog = 0;
		};
/* End PBXShellScriptBuildPhase section */

/* Begin PBXSourcesBuildPhase section */
		C3AD8D532014CF640026C1B7 /* Sources */ = {
			isa = PBXSourcesBuildPhase;
			buildActionMask = 2147483647;
			files = (
				C3AD8D5D2014CF640026C1B7 /* ClockViewController.swift in Sources */,
				C3AD8D5B2014CF640026C1B7 /* AppDelegate.swift in Sources */,
				C3AD8D91201DA8FC0026C1B7 /* SettingViewController.swift in Sources */,
			);
			runOnlyForDeploymentPostprocessing = 0;
		};
		C3AD8D672014CF640026C1B7 /* Sources */ = {
			isa = PBXSourcesBuildPhase;
			buildActionMask = 2147483647;
			files = (
				C3AD8D702014CF640026C1B7 /* SimpleClockTests.swift in Sources */,
			);
			runOnlyForDeploymentPostprocessing = 0;
		};
		C3AD8D722014CF640026C1B7 /* Sources */ = {
			isa = PBXSourcesBuildPhase;
			buildActionMask = 2147483647;
			files = (
				C3AD8D7B2014CF640026C1B7 /* SimpleClockUITests.swift in Sources */,
			);
			runOnlyForDeploymentPostprocessing = 0;
		};
/* End PBXSourcesBuildPhase section */

/* Begin PBXTargetDependency section */
		C3AD8D6D2014CF640026C1B7 /* PBXTargetDependency */ = {
			isa = PBXTargetDependency;
			target = C3AD8D562014CF640026C1B7 /* SimpleClock */;
			targetProxy = C3AD8D6C2014CF640026C1B7 /* PBXContainerItemProxy */;
		};
		C3AD8D782014CF640026C1B7 /* PBXTargetDependency */ = {
			isa = PBXTargetDependency;
			target = C3AD8D562014CF640026C1B7 /* SimpleClock */;
			targetProxy = C3AD8D772014CF640026C1B7 /* PBXContainerItemProxy */;
		};
/* End PBXTargetDependency section */

/* Begin PBXVariantGroup section */
		C3AD8D5E2014CF640026C1B7 /* Main.storyboard */ = {
			isa = PBXVariantGroup;
			children = (
				C3AD8D5F2014CF640026C1B7 /* Base */,
			);
			name = Main.storyboard;
			sourceTree = "<group>";
		};
		C3AD8D632014CF640026C1B7 /* LaunchScreen.storyboard */ = {
			isa = PBXVariantGroup;
			children = (
				C3AD8D642014CF640026C1B7 /* Base */,
			);
			name = LaunchScreen.storyboard;
			sourceTree = "<group>";
		};
/* End PBXVariantGroup section */

/* Begin XCBuildConfiguration section */
		C3AD8D7D2014CF640026C1B7 /* Debug */ = {
			isa = XCBuildConfiguration;
			buildSettings = {
				ALWAYS_SEARCH_USER_PATHS = NO;
				CLANG_ANALYZER_NONNULL = YES;
				CLANG_ANALYZER_NUMBER_OBJECT_CONVERSION = YES_AGGRESSIVE;
				CLANG_CXX_LANGUAGE_STANDARD = "gnu++14";
				CLANG_CXX_LIBRARY = "libc++";
				CLANG_ENABLE_MODULES = YES;
				CLANG_ENABLE_OBJC_ARC = YES;
				CLANG_WARN_BLOCK_CAPTURE_AUTORELEASING = YES;
				CLANG_WARN_BOOL_CONVERSION = YES;
				CLANG_WARN_COMMA = YES;
				CLANG_WARN_CONSTANT_CONVERSION = YES;
				CLANG_WARN_DIRECT_OBJC_ISA_USAGE = YES_ERROR;
				CLANG_WARN_DOCUMENTATION_COMMENTS = YES;
				CLANG_WARN_EMPTY_BODY = YES;
				CLANG_WARN_ENUM_CONVERSION = YES;
				CLANG_WARN_INFINITE_RECURSION = YES;
				CLANG_WARN_INT_CONVERSION = YES;
				CLANG_WARN_NON_LITERAL_NULL_CONVERSION = YES;
				CLANG_WARN_OBJC_LITERAL_CONVERSION = YES;
				CLANG_WARN_OBJC_ROOT_CLASS = YES_ERROR;
				CLANG_WARN_RANGE_LOOP_ANALYSIS = YES;
				CLANG_WARN_STRICT_PROTOTYPES = YES;
				CLANG_WARN_SUSPICIOUS_MOVE = YES;
				CLANG_WARN_UNGUARDED_AVAILABILITY = YES_AGGRESSIVE;
				CLANG_WARN_UNREACHABLE_CODE = YES;
				CLANG_WARN__DUPLICATE_METHOD_MATCH = YES;
				CODE_SIGN_IDENTITY = "iPhone Developer";
				COPY_PHASE_STRIP = NO;
				DEBUG_INFORMATION_FORMAT = dwarf;
				ENABLE_STRICT_OBJC_MSGSEND = YES;
				ENABLE_TESTABILITY = YES;
				GCC_C_LANGUAGE_STANDARD = gnu11;
				GCC_DYNAMIC_NO_PIC = NO;
				GCC_NO_COMMON_BLOCKS = YES;
				GCC_OPTIMIZATION_LEVEL = 0;
				GCC_PREPROCESSOR_DEFINITIONS = (
					"DEBUG=1",
					"$(inherited)",
				);
				GCC_WARN_64_TO_32_BIT_CONVERSION = YES;
				GCC_WARN_ABOUT_RETURN_TYPE = YES_ERROR;
				GCC_WARN_UNDECLARED_SELECTOR = YES;
				GCC_WARN_UNINITIALIZED_AUTOS = YES_AGGRESSIVE;
				GCC_WARN_UNUSED_FUNCTION = YES;
				GCC_WARN_UNUSED_VARIABLE = YES;
				IPHONEOS_DEPLOYMENT_TARGET = 11.2;
				MTL_ENABLE_DEBUG_INFO = YES;
				ONLY_ACTIVE_ARCH = YES;
				SDKROOT = iphoneos;
				SWIFT_ACTIVE_COMPILATION_CONDITIONS = DEBUG;
				SWIFT_OPTIMIZATION_LEVEL = "-Onone";
			};
			name = Debug;
		};
		C3AD8D7E2014CF640026C1B7 /* Release */ = {
			isa = XCBuildConfiguration;
			buildSettings = {
				ALWAYS_SEARCH_USER_PATHS = NO;
				CLANG_ANALYZER_NONNULL = YES;
				CLANG_ANALYZER_NUMBER_OBJECT_CONVERSION = YES_AGGRESSIVE;
				CLANG_CXX_LANGUAGE_STANDARD = "gnu++14";
				CLANG_CXX_LIBRARY = "libc++";
				CLANG_ENABLE_MODULES = YES;
				CLANG_ENABLE_OBJC_ARC = YES;
				CLANG_WARN_BLOCK_CAPTURE_AUTORELEASING = YES;
				CLANG_WARN_BOOL_CONVERSION = YES;
				CLANG_WARN_COMMA = YES;
				CLANG_WARN_CONSTANT_CONVERSION = YES;
				CLANG_WARN_DIRECT_OBJC_ISA_USAGE = YES_ERROR;
				CLANG_WARN_DOCUMENTATION_COMMENTS = YES;
				CLANG_WARN_EMPTY_BODY = YES;
				CLANG_WARN_ENUM_CONVERSION = YES;
				CLANG_WARN_INFINITE_RECURSION = YES;
				CLANG_WARN_INT_CONVERSION = YES;
				CLANG_WARN_NON_LITERAL_NULL_CONVERSION = YES;
				CLANG_WARN_OBJC_LITERAL_CONVERSION = YES;
				CLANG_WARN_OBJC_ROOT_CLASS = YES_ERROR;
				CLANG_WARN_RANGE_LOOP_ANALYSIS = YES;
				CLANG_WARN_STRICT_PROTOTYPES = YES;
				CLANG_WARN_SUSPICIOUS_MOVE = YES;
				CLANG_WARN_UNGUARDED_AVAILABILITY = YES_AGGRESSIVE;
				CLANG_WARN_UNREACHABLE_CODE = YES;
				CLANG_WARN__DUPLICATE_METHOD_MATCH = YES;
				CODE_SIGN_IDENTITY = "iPhone Developer";
				COPY_PHASE_STRIP = NO;
				DEBUG_INFORMATION_FORMAT = "dwarf-with-dsym";
				ENABLE_NS_ASSERTIONS = NO;
				ENABLE_STRICT_OBJC_MSGSEND = YES;
				GCC_C_LANGUAGE_STANDARD = gnu11;
				GCC_NO_COMMON_BLOCKS = YES;
				GCC_WARN_64_TO_32_BIT_CONVERSION = YES;
				GCC_WARN_ABOUT_RETURN_TYPE = YES_ERROR;
				GCC_WARN_UNDECLARED_SELECTOR = YES;
				GCC_WARN_UNINITIALIZED_AUTOS = YES_AGGRESSIVE;
				GCC_WARN_UNUSED_FUNCTION = YES;
				GCC_WARN_UNUSED_VARIABLE = YES;
				IPHONEOS_DEPLOYMENT_TARGET = 11.2;
				MTL_ENABLE_DEBUG_INFO = NO;
				SDKROOT = iphoneos;
				SWIFT_OPTIMIZATION_LEVEL = "-Owholemodule";
				VALIDATE_PRODUCT = YES;
			};
			name = Release;
		};
		C3AD8D802014CF640026C1B7 /* Debug */ = {
			isa = XCBuildConfiguration;
			baseConfigurationReference = C3919C5E11E95A98803DF763 /* Pods-SimpleClock.debug.xcconfig */;
			buildSettings = {
				ASSETCATALOG_COMPILER_APPICON_NAME = AppIcon;
				CLANG_ENABLE_MODULES = YES;
				CODE_SIGN_STYLE = Automatic;
				DEVELOPMENT_TEAM = BM344973CE;
				INFOPLIST_FILE = SimpleClock/Info.plist;
				LD_RUNPATH_SEARCH_PATHS = "$(inherited) @executable_path/Frameworks";
				PRODUCT_BUNDLE_IDENTIFIER = com.imaji.SimpleClock;
				PRODUCT_NAME = "$(TARGET_NAME)";
				SWIFT_OPTIMIZATION_LEVEL = "-Onone";
				SWIFT_VERSION = 4.0;
				TARGETED_DEVICE_FAMILY = "1,2";
			};
			name = Debug;
		};
		C3AD8D812014CF640026C1B7 /* Release */ = {
			isa = XCBuildConfiguration;
			baseConfigurationReference = 34AB4F36EAED47AE67448F69 /* Pods-SimpleClock.release.xcconfig */;
			buildSettings = {
				ASSETCATALOG_COMPILER_APPICON_NAME = AppIcon;
				CLANG_ENABLE_MODULES = YES;
				CODE_SIGN_STYLE = Automatic;
				DEVELOPMENT_TEAM = BM344973CE;
				INFOPLIST_FILE = SimpleClock/Info.plist;
				LD_RUNPATH_SEARCH_PATHS = "$(inherited) @executable_path/Frameworks";
				PRODUCT_BUNDLE_IDENTIFIER = com.imaji.SimpleClock;
				PRODUCT_NAME = "$(TARGET_NAME)";
				SWIFT_VERSION = 4.0;
				TARGETED_DEVICE_FAMILY = "1,2";
			};
			name = Release;
		};
		C3AD8D832014CF640026C1B7 /* Debug */ = {
			isa = XCBuildConfiguration;
			baseConfigurationReference = 705F126081C673A357A67556 /* Pods-SimpleClockTests.debug.xcconfig */;
			buildSettings = {
				ALWAYS_EMBED_SWIFT_STANDARD_LIBRARIES = YES;
				BUNDLE_LOADER = "$(TEST_HOST)";
				CODE_SIGN_STYLE = Automatic;
				DEVELOPMENT_TEAM = BM344973CE;
				INFOPLIST_FILE = SimpleClockTests/Info.plist;
				LD_RUNPATH_SEARCH_PATHS = "$(inherited) @executable_path/Frameworks @loader_path/Frameworks";
				PRODUCT_BUNDLE_IDENTIFIER = com.imaji.SimpleClockTests;
				PRODUCT_NAME = "$(TARGET_NAME)";
				SWIFT_VERSION = 4.0;
				TARGETED_DEVICE_FAMILY = "1,2";
				TEST_HOST = "$(BUILT_PRODUCTS_DIR)/SimpleClock.app/SimpleClock";
			};
			name = Debug;
		};
		C3AD8D842014CF640026C1B7 /* Release */ = {
			isa = XCBuildConfiguration;
			baseConfigurationReference = D110AB8B73184F9AAC61FE83 /* Pods-SimpleClockTests.release.xcconfig */;
			buildSettings = {
				ALWAYS_EMBED_SWIFT_STANDARD_LIBRARIES = YES;
				BUNDLE_LOADER = "$(TEST_HOST)";
				CODE_SIGN_STYLE = Automatic;
				DEVELOPMENT_TEAM = BM344973CE;
				INFOPLIST_FILE = SimpleClockTests/Info.plist;
				LD_RUNPATH_SEARCH_PATHS = "$(inherited) @executable_path/Frameworks @loader_path/Frameworks";
				PRODUCT_BUNDLE_IDENTIFIER = com.imaji.SimpleClockTests;
				PRODUCT_NAME = "$(TARGET_NAME)";
				SWIFT_VERSION = 4.0;
				TARGETED_DEVICE_FAMILY = "1,2";
				TEST_HOST = "$(BUILT_PRODUCTS_DIR)/SimpleClock.app/SimpleClock";
			};
			name = Release;
		};
		C3AD8D862014CF640026C1B7 /* Debug */ = {
			isa = XCBuildConfiguration;
			baseConfigurationReference = CE4A3FC0923AE160482E1A12 /* Pods-SimpleClockUITests.debug.xcconfig */;
			buildSettings = {
				ALWAYS_EMBED_SWIFT_STANDARD_LIBRARIES = YES;
				CODE_SIGN_STYLE = Automatic;
				DEVELOPMENT_TEAM = BM344973CE;
				INFOPLIST_FILE = SimpleClockUITests/Info.plist;
				LD_RUNPATH_SEARCH_PATHS = "$(inherited) @executable_path/Frameworks @loader_path/Frameworks";
				PRODUCT_BUNDLE_IDENTIFIER = com.imaji.SimpleClockUITests;
				PRODUCT_NAME = "$(TARGET_NAME)";
				SWIFT_VERSION = 4.0;
				TARGETED_DEVICE_FAMILY = "1,2";
				TEST_TARGET_NAME = SimpleClock;
			};
			name = Debug;
		};
		C3AD8D872014CF640026C1B7 /* Release */ = {
			isa = XCBuildConfiguration;
			baseConfigurationReference = E3E9CB47B4C752C1AD73A7DB /* Pods-SimpleClockUITests.release.xcconfig */;
			buildSettings = {
				ALWAYS_EMBED_SWIFT_STANDARD_LIBRARIES = YES;
				CODE_SIGN_STYLE = Automatic;
				DEVELOPMENT_TEAM = BM344973CE;
				INFOPLIST_FILE = SimpleClockUITests/Info.plist;
				LD_RUNPATH_SEARCH_PATHS = "$(inherited) @executable_path/Frameworks @loader_path/Frameworks";
				PRODUCT_BUNDLE_IDENTIFIER = com.imaji.SimpleClockUITests;
				PRODUCT_NAME = "$(TARGET_NAME)";
				SWIFT_VERSION = 4.0;
				TARGETED_DEVICE_FAMILY = "1,2";
				TEST_TARGET_NAME = SimpleClock;
			};
			name = Release;
		};
/* End XCBuildConfiguration section */

/* Begin XCConfigurationList section */
		C3AD8D522014CF640026C1B7 /* Build configuration list for PBXProject "SimpleClock" */ = {
			isa = XCConfigurationList;
			buildConfigurations = (
				C3AD8D7D2014CF640026C1B7 /* Debug */,
				C3AD8D7E2014CF640026C1B7 /* Release */,
			);
			defaultConfigurationIsVisible = 0;
			defaultConfigurationName = Release;
		};
		C3AD8D7F2014CF640026C1B7 /* Build configuration list for PBXNativeTarget "SimpleClock" */ = {
			isa = XCConfigurationList;
			buildConfigurations = (
				C3AD8D802014CF640026C1B7 /* Debug */,
				C3AD8D812014CF640026C1B7 /* Release */,
			);
			defaultConfigurationIsVisible = 0;
			defaultConfigurationName = Release;
		};
		C3AD8D822014CF640026C1B7 /* Build configuration list for PBXNativeTarget "SimpleClockTests" */ = {
			isa = XCConfigurationList;
			buildConfigurations = (
				C3AD8D832014CF640026C1B7 /* Debug */,
				C3AD8D842014CF640026C1B7 /* Release */,
			);
			defaultConfigurationIsVisible = 0;
			defaultConfigurationName = Release;
		};
		C3AD8D852014CF640026C1B7 /* Build configuration list for PBXNativeTarget "SimpleClockUITests" */ = {
			isa = XCConfigurationList;
			buildConfigurations = (
				C3AD8D862014CF640026C1B7 /* Debug */,
				C3AD8D872014CF640026C1B7 /* Release */,
			);
			defaultConfigurationIsVisible = 0;
			defaultConfigurationName = Release;
		};
/* End XCConfigurationList section */
	};
	rootObject = C3AD8D4F2014CF640026C1B7 /* Project object */;
}
